{
    "_meta": {
        "hash": {
            "sha256": "d1909210f6c5e18a9d9283cc09ccf6f0ef8128c0bd619b3e6238bfa01463cbf0"
        },
        "pipfile-spec": 6,
        "requires": {
            "python_version": "3.12"
        },
        "sources": [
            {
                "name": "pypi",
                "url": "https://pypi.org/simple",
                "verify_ssl": true
            }
        ]
    },
    "default": {
        "click": {
            "hashes": [
                "sha256:ae74fb96c20a0277a1d615f1e4d73c8414f5a98db8b799a7931d1582f3390c28",
                "sha256:ca9853ad459e787e2192211578cc907e7594e294c7ccc834310722b41b9ca6de"
            ],
            "index": "pypi",
            "markers": "python_version >= '3.7'",
            "version": "==8.1.7"
        },
        "setuptools": {
            "hashes": [
                "sha256:c3a9c4211ff4c309edb8b8c4f1cbfa7ae324c4ba9f91ff254e3d305b9fd54561",
                "sha256:fcc17fd9cd898242f6b4adfaca46137a9edef687f43e6f78469692a5e70d851d"
            ],
            "index": "pypi",
            "markers": "python_version >= '3.9'",
            "version": "==78.1.1"
        }
    },
    "develop": {}
}
